
Microsoft Visual Studio Solution File, Format Version 12.00
# Visual Studio 15
VisualStudioVersion = 15.0.27130.0
MinimumVisualStudioVersion = 10.0.40219.1
Project("{8BC9CEB8-8B4A-11D0-8D11-00A0C91BC942}") = "扫雷", "扫雷\扫雷.vcxproj", "{D80FC14C-4B0D-4615-B006-A55ED97C3766}"
EndProject
Global
	GlobalSection(SolutionConfigurationPlatforms) = preSolution
		Debug|x64 = Debug|x64
		Debug|x86 = Debug|x86
		Release|x64 = Release|x64
		Release|x86 = Release|x86
	EndGlobalSection
	GlobalSection(ProjectConfigurationPlatforms) = postSolution
		{D80FC14C-4B0D-4615-B006-A55ED97C3766}.Debug|x64.ActiveCfg = Debug|x64
		{D80FC14C-4B0D-4615-B006-A55ED97C3766}.Debug|x64.Build.0 = Debug|x64
		{D80FC14C-4B0D-4615-B006-A55ED97C3766}.Debug|x86.ActiveCfg = Debug|Win32
		{D80FC14C-4B0D-4615-B006-A55ED97C3766}.Debug|x86.Build.0 = Debug|Win32
		{D80FC14C-4B0D-4615-B006-A55ED97C3766}.Release|x64.ActiveCfg = Release|x64
		{D80FC14C-4B0D-4615-B006-A55ED97C3766}.Release|x64.Build.0 = Release|x64
		{D80FC14C-4B0D-4615-B006-A55ED97C3766}.Release|x86.ActiveCfg = Release|Win32
		{D80FC14C-4B0D-4615-B006-A55ED97C3766}.Release|x86.Build.0 = Release|Win32
	EndGlobalSection
	GlobalSection(SolutionProperties) = preSolution
		HideSolutionNode = FALSE
	EndGlobalSection
	GlobalSection(ExtensibilityGlobals) = postSolution
		SolutionGuid = {8F1BEA99-732C-4EFA-9A95-23F8F8905278}
	EndGlobalSection
EndGlobal
